
Microsoft Visual Studio Solution File, Format Version 12.00
# Visual Studio 15
VisualStudioVersion = 15.0.28010.2036
MinimumVisualStudioVersion = 10.0.40219.1
Project("{FAE04EC0-301F-11D3-BF4B-00C04F79EFBC}") = "Ch14-P5-SharedCarLibClient", "Ch14-P5-SharedCarLibClient\Ch14-P5-SharedCarLibClient.csproj", "{DDBB45EF-710D-4DC4-9E55-63D9B21EE70A}"
EndProject
Global
	GlobalSection(SolutionConfigurationPlatforms) = preSolution
		Debug|Any CPU = Debug|Any CPU
		Release|Any CPU = Release|Any CPU
	EndGlobalSection
	GlobalSection(ProjectConfigurationPlatforms) = postSolution
		{DDBB45EF-710D-4DC4-9E55-63D9B21EE70A}.Debug|Any CPU.ActiveCfg = Debug|Any CPU
		{DDBB45EF-710D-4DC4-9E55-63D9B21EE70A}.Debug|Any CPU.Build.0 = Debug|Any CPU
		{DDBB45EF-710D-4DC4-9E55-63D9B21EE70A}.Release|Any CPU.ActiveCfg = Release|Any CPU
		{DDBB45EF-710D-4DC4-9E55-63D9B21EE70A}.Release|Any CPU.Build.0 = Release|Any CPU
	EndGlobalSection
	GlobalSection(SolutionProperties) = preSolution
		HideSolutionNode = FALSE
	EndGlobalSection
	GlobalSection(ExtensibilityGlobals) = postSolution
		SolutionGuid = {ECD3EDE6-339A-4392-8ACD-75E04501FC80}
	EndGlobalSection
EndGlobal
